
Microsoft Visual Studio Solution File, Format Version 12.00
# Visual Studio Version 17
VisualStudioVersion = 17.9.34728.123
MinimumVisualStudioVersion = 10.0.40219.1
Project("{FAE04EC0-301F-11D3-BF4B-00C04F79EFBC}") = "HairSaloon", "HairSaloon\HairSaloon.csproj", "{AF8DD1C1-C1F8-4E2F-B6F6-80CD0F2A7394}"
EndProject
Global
	GlobalSection(SolutionConfigurationPlatforms) = preSolution
		Debug|Any CPU = Debug|Any CPU
		Release|Any CPU = Release|Any CPU
	EndGlobalSection
	GlobalSection(ProjectConfigurationPlatforms) = postSolution
		{AF8DD1C1-C1F8-4E2F-B6F6-80CD0F2A7394}.Debug|Any CPU.ActiveCfg = Debug|Any CPU
		{AF8DD1C1-C1F8-4E2F-B6F6-80CD0F2A7394}.Debug|Any CPU.Build.0 = Debug|Any CPU
		{AF8DD1C1-C1F8-4E2F-B6F6-80CD0F2A7394}.Release|Any CPU.ActiveCfg = Release|Any CPU
		{AF8DD1C1-C1F8-4E2F-B6F6-80CD0F2A7394}.Release|Any CPU.Build.0 = Release|Any CPU
	EndGlobalSection
	GlobalSection(SolutionProperties) = preSolution
		HideSolutionNode = FALSE
	EndGlobalSection
	GlobalSection(ExtensibilityGlobals) = postSolution
		SolutionGuid = {31BBD84E-1C19-4BA9-B090-3CF4E1077A4C}
	EndGlobalSection
EndGlobal
